
Microsoft Visual Studio Solution File, Format Version 12.00
Project("{FAE04EC0-301F-11D3-BF4B-00C04F79EFBC}") = "Beatport_UI", "Beatport_UI\Beatport_UI.csproj", "{FAE5E72D-A1C2-4CC4-B930-2272966412E3}"
EndProject
Global
	GlobalSection(SolutionConfigurationPlatforms) = preSolution
		Debug|Any CPU = Debug|Any CPU
		Release|Any CPU = Release|Any CPU
	EndGlobalSection
	GlobalSection(ProjectConfigurationPlatforms) = postSolution
		{FAE5E72D-A1C2-4CC4-B930-2272966412E3}.Debug|Any CPU.ActiveCfg = Debug|Any CPU
		{FAE5E72D-A1C2-4CC4-B930-2272966412E3}.Debug|Any CPU.Build.0 = Debug|Any CPU
		{FAE5E72D-A1C2-4CC4-B930-2272966412E3}.Release|Any CPU.ActiveCfg = Release|Any CPU
		{FAE5E72D-A1C2-4CC4-B930-2272966412E3}.Release|Any CPU.Build.0 = Release|Any CPU
	EndGlobalSection
EndGlobal
